{
  "lockfile_version": "1",
  "packages": {
    "direnv@2.35.0": {
      "last_modified": "2025-03-19T14:38:57Z",
      "resolved": "github:NixOS/nixpkgs/2a725d40de138714db4872dc7405d86457aa17ad#direnv",
      "source": "devbox-search",
      "version": "2.35.0",
      "systems": {
        "aarch64-darwin": {
          "outputs": [
            {
              "name": "out",
              "path": "/nix/store/pgn5v2z4w506x2ma4925a77qj226sx04-direnv-2.35.0",
              "default": true
            }
          ],
          "store_path": "/nix/store/pgn5v2z4w506x2ma4925a77qj226sx04-direnv-2.35.0"
        },
        "aarch64-linux": {
          "outputs": [
            {
              "name": "out",
              "path": "/nix/store/gln3h31y4ryn223y5qw0drp1bc57x9mm-direnv-2.35.0",
              "default": true
            }
          ],
          "store_path": "/nix/store/gln3h31y4ryn223y5qw0drp1bc57x9mm-direnv-2.35.0"
        },
        "x86_64-darwin": {
          "outputs": [
            {
              "name": "out",
              "path": "/nix/store/k490nla03204kdifvddwy0s3jz0cqbri-direnv-2.35.0",
              "default": true
            }
          ],
          "store_path": "/nix/store/k490nla03204kdifvddwy0s3jz0cqbri-direnv-2.35.0"
        },
        "x86_64-linux": {
          "outputs": [
            {
              "name": "out",
              "path": "/nix/store/a2f68ipvpd810x3cnsk9i1jzzsx6f01s-direnv-2.35.0",
              "default": true
            }
          ],
          "store_path": "/nix/store/a2f68ipvpd810x3cnsk9i1jzzsx6f01s-direnv-2.35.0"
        }
      }
    },
    "gitleaks@8.24.0": {
      "last_modified": "2025-03-11T17:52:14Z",
      "resolved": "github:NixOS/nixpkgs/0d534853a55b5d02a4ababa1d71921ce8f0aee4c#gitleaks",
      "source": "devbox-search",
      "version": "8.24.0",
      "systems": {
        "aarch64-darwin": {
          "outputs": [
            {
              "name": "out",
              "path": "/nix/store/sin0dw01a76a3a0qxia38lpzminvq7nb-gitleaks-8.24.0",
              "default": true
            }
          ],
          "store_path": "/nix/store/sin0dw01a76a3a0qxia38lpzminvq7nb-gitleaks-8.24.0"
        },
        "aarch64-linux": {
          "outputs": [
            {
              "name": "out",
              "path": "/nix/store/9qin6a79cgaz9xhcsrm69zacamjf0738-gitleaks-8.24.0",
              "default": true
            }
          ],
          "store_path": "/nix/store/9qin6a79cgaz9xhcsrm69zacamjf0738-gitleaks-8.24.0"
        },
        "x86_64-darwin": {
          "outputs": [
            {
              "name": "out",
              "path": "/nix/store/i3ag4bahlssiynrbbd05d7vir5l719vm-gitleaks-8.24.0",
              "default": true
            }
          ],
          "store_path": "/nix/store/i3ag4bahlssiynrbbd05d7vir5l719vm-gitleaks-8.24.0"
        },
        "x86_64-linux": {
          "outputs": [
            {
              "name": "out",
              "path": "/nix/store/07ga7fa7mar5115gfx6n6ryhv5dg17gr-gitleaks-8.24.0",
              "default": true
            }
          ],
          "store_path": "/nix/store/07ga7fa7mar5115gfx6n6ryhv5dg17gr-gitleaks-8.24.0"
        }
      }
    },
    "go-task@3.41.0": {
      "last_modified": "2025-04-17T05:47:26Z",
      "resolved": "github:NixOS/nixpkgs/ebe4301cbd8f81c4f8d3244b3632338bbeb6d49c#go-task",
      "source": "devbox-search",
      "version": "3.41.0",
      "systems": {
        "aarch64-darwin": {
          "outputs": [
            {
              "name": "out",
              "path": "/nix/store/zz0ydwqf8s4dmdrhrd2i8h467mxsdgib-go-task-3.41.0",
              "default": true
            }
          ],
          "store_path": "/nix/store/zz0ydwqf8s4dmdrhrd2i8h467mxsdgib-go-task-3.41.0"
        },
        "aarch64-linux": {
          "outputs": [
            {
              "name": "out",
              "path": "/nix/store/gw5m0vszm1arqri0f23x2myhn48njy8a-go-task-3.41.0",
              "default": true
            }
          ],
          "store_path": "/nix/store/gw5m0vszm1arqri0f23x2myhn48njy8a-go-task-3.41.0"
        },
        "x86_64-darwin": {
          "outputs": [
            {
              "name": "out",
              "path": "/nix/store/hyp3mswald858k3kpbyc63h4dz2xfl18-go-task-3.41.0",
              "default": true
            }
          ],
          "store_path": "/nix/store/hyp3mswald858k3kpbyc63h4dz2xfl18-go-task-3.41.0"
        },
        "x86_64-linux": {
          "outputs": [
            {
              "name": "out",
              "path": "/nix/store/h39sp829c75dccfp5jk8a5aqap4gpn8m-go-task-3.41.0",
              "default": true
            }
          ],
          "store_path": "/nix/store/h39sp829c75dccfp5jk8a5aqap4gpn8m-go-task-3.41.0"
        }
      }
    },
    "kind@0.27.0": {
      "last_modified": "2025-05-06T08:06:31Z",
      "resolved": "github:NixOS/nixpkgs/1cb1c02a6b1b7cf67e3d7731cbbf327a53da9679#kind",
      "source": "devbox-search",
      "version": "0.27.0",
      "systems": {
        "aarch64-darwin": {
          "outputs": [
            {
              "name": "out",
              "path": "/nix/store/czsrh125agfs757l14d17p6a790rmjp4-kind-0.27.0",
              "default": true
            }
          ],
          "store_path": "/nix/store/czsrh125agfs757l14d17p6a790rmjp4-kind-0.27.0"
        },
        "aarch64-linux": {
          "outputs": [
            {
              "name": "out",
              "path": "/nix/store/m46irqsy3faiy43m02wxphsn0p4q5cq9-kind-0.27.0",
              "default": true
            }
          ],
          "store_path": "/nix/store/m46irqsy3faiy43m02wxphsn0p4q5cq9-kind-0.27.0"
        },
        "x86_64-darwin": {
          "outputs": [
            {
              "name": "out",
              "path": "/nix/store/q03i6bd2mrl8jaq3k7maiq8543937ngc-kind-0.27.0",
              "default": true
            }
          ],
          "store_path": "/nix/store/q03i6bd2mrl8jaq3k7maiq8543937ngc-kind-0.27.0"
        },
        "x86_64-linux": {
          "outputs": [
            {
              "name": "out",
              "path": "/nix/store/720xq11bmaxpi91qk1cg0r2s18k3rjik-kind-0.27.0",
              "default": true
            }
          ],
          "store_path": "/nix/store/720xq11bmaxpi91qk1cg0r2s18k3rjik-kind-0.27.0"
        }
      }
    },
    "kubectl@1.33.0": {
      "last_modified": "2025-05-06T08:06:31Z",
      "resolved": "github:NixOS/nixpkgs/1cb1c02a6b1b7cf67e3d7731cbbf327a53da9679#kubectl",
      "source": "devbox-search",
      "version": "1.33.0",
      "systems": {
        "aarch64-darwin": {
          "outputs": [
            {
              "name": "out",
              "path": "/nix/store/ca0rizbf9qc8rqmn3cqzzy65k2il9dz8-kubectl-1.33.0",
              "default": true
            },
            {
              "name": "man",
              "path": "/nix/store/2nj939rw1s5a7n9ky3r7rzpw9mvn0pgm-kubectl-1.33.0-man",
              "default": true
            },
            {
              "name": "convert",
              "path": "/nix/store/4skllfm7pi9fvbrjxc77pwwnkvzbbk9d-kubectl-1.33.0-convert"
            }
          ],
          "store_path": "/nix/store/ca0rizbf9qc8rqmn3cqzzy65k2il9dz8-kubectl-1.33.0"
        },
        "aarch64-linux": {
          "outputs": [
            {
              "name": "out",
              "path": "/nix/store/7zg6c6ia3qvpl90xdpf8ky2wn2kcg42h-kubectl-1.33.0",
              "default": true
            },
            {
              "name": "man",
              "path": "/nix/store/4jh2hs3iawrsfbsih2ddzr42gbhbyixc-kubectl-1.33.0-man",
              "default": true
            },
            {
              "name": "convert",
              "path": "/nix/store/krdav16jc0jvrgpivgwyprkrpvfsmk5n-kubectl-1.33.0-convert"
            }
          ],
          "store_path": "/nix/store/7zg6c6ia3qvpl90xdpf8ky2wn2kcg42h-kubectl-1.33.0"
        },
        "x86_64-darwin": {
          "outputs": [
            {
              "name": "out",
              "path": "/nix/store/j6s7v31ss9qlc79ac363vqnq28p62l8c-kubectl-1.33.0",
              "default": true
            },
            {
              "name": "man",
              "path": "/nix/store/i919x98v35viisiylbgskyi5imjm2ppg-kubectl-1.33.0-man",
              "default": true
            },
            {
              "name": "convert",
              "path": "/nix/store/3rbhqv054ijp51zzh60lbws6ia7madj1-kubectl-1.33.0-convert"
            }
          ],
          "store_path": "/nix/store/j6s7v31ss9qlc79ac363vqnq28p62l8c-kubectl-1.33.0"
        },
        "x86_64-linux": {
          "outputs": [
            {
              "name": "out",
              "path": "/nix/store/9rn354l23mr9kh840kn94c3p9bns4wd4-kubectl-1.33.0",
              "default": true
            },
            {
              "name": "man",
              "path": "/nix/store/sakg9rw3pdg0d0pbpjizvy8vcyydqxrc-kubectl-1.33.0-man",
              "default": true
            },
            {
              "name": "convert",
              "path": "/nix/store/8bs481ic0gwaa5m3qz6hqzxrxnskv3zw-kubectl-1.33.0-convert"
            }
          ],
          "store_path": "/nix/store/9rn354l23mr9kh840kn94c3p9bns4wd4-kubectl-1.33.0"
        }
      }
    },
    "pre-commit@4.0.1": {
      "last_modified": "2025-05-06T16:34:47Z",
      "resolved": "github:NixOS/nixpkgs/f90d0af5db814e870b2ad1aebc4e8924a30c53dd#pre-commit",
      "source": "devbox-search",
      "version": "4.0.1",
      "systems": {
        "aarch64-darwin": {
          "outputs": [
            {
              "name": "out",
              "path": "/nix/store/3qcg99ylsvnpgjz6mraychq1cq7h0hqy-pre-commit-4.0.1",
              "default": true
            },
            {
              "name": "dist",
              "path": "/nix/store/2kfsh11nmbfb4p0swc8fbd64zx8yxk2m-pre-commit-4.0.1-dist"
            }
          ],
          "store_path": "/nix/store/3qcg99ylsvnpgjz6mraychq1cq7h0hqy-pre-commit-4.0.1"
        },
        "aarch64-linux": {
          "outputs": [
            {
              "name": "out",
              "path": "/nix/store/ncrrahxiwhhbfhlahhchn4vjjbbx2bki-pre-commit-4.0.1",
              "default": true
            },
            {
              "name": "dist",
              "path": "/nix/store/hs6q88mzrg7ahs0q8zrpzdhcjx3q7hby-pre-commit-4.0.1-dist"
            }
          ],
          "store_path": "/nix/store/ncrrahxiwhhbfhlahhchn4vjjbbx2bki-pre-commit-4.0.1"
        },
        "x86_64-darwin": {
          "outputs": [
            {
              "name": "out",
              "path": "/nix/store/4cawf7w6kan4hk8fm7fd61r6wrcx1pql-pre-commit-4.0.1",
              "default": true
            },
            {
              "name": "dist",
              "path": "/nix/store/i66khaa7g5v722lp1lb1sf9ahzlsdbhl-pre-commit-4.0.1-dist"
            }
          ],
          "store_path": "/nix/store/4cawf7w6kan4hk8fm7fd61r6wrcx1pql-pre-commit-4.0.1"
        },
        "x86_64-linux": {
          "outputs": [
            {
              "name": "out",
              "path": "/nix/store/8y3rszv7dpch6l6hbixfhmdwmki75mqq-pre-commit-4.0.1",
              "default": true
            },
            {
              "name": "dist",
              "path": "/nix/store/xaxz96ykrhz5rw55p9i5qvykd06zz285-pre-commit-4.0.1-dist"
            }
          ],
          "store_path": "/nix/store/8y3rszv7dpch6l6hbixfhmdwmki75mqq-pre-commit-4.0.1"
        }
      }
    },
    "yamllint@1.35.1": {
      "last_modified": "2025-03-11T17:52:14Z",
      "resolved": "github:NixOS/nixpkgs/0d534853a55b5d02a4ababa1d71921ce8f0aee4c#yamllint",
      "source": "devbox-search",
      "version": "1.35.1",
      "systems": {
        "aarch64-darwin": {
          "outputs": [
            {
              "name": "out",
              "path": "/nix/store/58b107rvyh32ad9106l6hps4pfglvy0r-python3.12-yamllint-1.35.1",
              "default": true
            },
            {
              "name": "dist",
              "path": "/nix/store/pcdm7w5q5bhgq9268zdmvi521fgv6mjj-python3.12-yamllint-1.35.1-dist"
            }
          ],
          "store_path": "/nix/store/58b107rvyh32ad9106l6hps4pfglvy0r-python3.12-yamllint-1.35.1"
        },
        "aarch64-linux": {
          "outputs": [
            {
              "name": "out",
              "path": "/nix/store/0nfjhvhnhy2r492d1hlfbj3a4808pp2s-python3.12-yamllint-1.35.1",
              "default": true
            },
            {
              "name": "dist",
              "path": "/nix/store/771nrwh8n0rjqyyy5klap1jr4sk0x569-python3.12-yamllint-1.35.1-dist"
            }
          ],
          "store_path": "/nix/store/0nfjhvhnhy2r492d1hlfbj3a4808pp2s-python3.12-yamllint-1.35.1"
        },
        "x86_64-darwin": {
          "outputs": [
            {
              "name": "out",
              "path": "/nix/store/g6clqcsm8272xzbx5xcyzb3pv2kc04s4-python3.12-yamllint-1.35.1",
              "default": true
            },
            {
              "name": "dist",
              "path": "/nix/store/6qmdk3lvlifw9j0yzmbp7yr6nax88kfc-python3.12-yamllint-1.35.1-dist"
            }
          ],
          "store_path": "/nix/store/g6clqcsm8272xzbx5xcyzb3pv2kc04s4-python3.12-yamllint-1.35.1"
        },
        "x86_64-linux": {
          "outputs": [
            {
              "name": "out",
              "path": "/nix/store/kkmxcmjsdc1sxv0lvg1x22n9zr146aki-python3.12-yamllint-1.35.1",
              "default": true
            },
            {
              "name": "dist",
              "path": "/nix/store/lhajwzvl8fpiknaqmlc54gy2m0ld4lki-python3.12-yamllint-1.35.1-dist"
            }
          ],
          "store_path": "/nix/store/kkmxcmjsdc1sxv0lvg1x22n9zr146aki-python3.12-yamllint-1.35.1"
        }
      }
    }
  }
}
