{
  "lockfile_version": "1",
  "packages": {
    "direnv@latest": {
      "last_modified": "2024-06-12T20:55:33Z",
      "resolved": "github:NixOS/nixpkgs/a9858885e197f984d92d7fe64e9fff6b2e488d40#direnv",
      "source": "devbox-search",
      "version": "2.34.0",
      "systems": {
        "aarch64-darwin": {
          "outputs": [
            {
              "name": "out",
              "path": "/nix/store/q71rzcnj4kpv6pp7alasws5si5dp216c-direnv-2.34.0",
              "default": true
            }
          ],
          "store_path": "/nix/store/q71rzcnj4kpv6pp7alasws5si5dp216c-direnv-2.34.0"
        },
        "aarch64-linux": {
          "outputs": [
            {
              "name": "out",
              "path": "/nix/store/sa20yrbns73qva4idcj895j5af04brws-direnv-2.34.0",
              "default": true
            }
          ],
          "store_path": "/nix/store/sa20yrbns73qva4idcj895j5af04brws-direnv-2.34.0"
        },
        "x86_64-darwin": {
          "outputs": [
            {
              "name": "out",
              "path": "/nix/store/f36shldnlxalh7ir5hdhmnp9qrmqgqph-direnv-2.34.0",
              "default": true
            }
          ],
          "store_path": "/nix/store/f36shldnlxalh7ir5hdhmnp9qrmqgqph-direnv-2.34.0"
        },
        "x86_64-linux": {
          "outputs": [
            {
              "name": "out",
              "path": "/nix/store/81cqmrlp1x77139nsx0s5jjqk6jxxxxw-direnv-2.34.0",
              "default": true
            }
          ],
          "store_path": "/nix/store/81cqmrlp1x77139nsx0s5jjqk6jxxxxw-direnv-2.34.0"
        }
      }
    },
    "gitleaks@latest": {
      "last_modified": "2024-06-15T16:48:02Z",
      "resolved": "github:NixOS/nixpkgs/3027ba73dfef68eb555fc2fa97aed4e999e74f97#gitleaks",
      "source": "devbox-search",
      "version": "8.18.4",
      "systems": {
        "aarch64-darwin": {
          "outputs": [
            {
              "name": "out",
              "path": "/nix/store/ifc4sxqdjd4l4xkdih7h71c7bcbhaclg-gitleaks-8.18.4",
              "default": true
            }
          ],
          "store_path": "/nix/store/ifc4sxqdjd4l4xkdih7h71c7bcbhaclg-gitleaks-8.18.4"
        },
        "aarch64-linux": {
          "outputs": [
            {
              "name": "out",
              "path": "/nix/store/w361b9j0rd1mkh3jbfvw0wcl39bxzlnv-gitleaks-8.18.4",
              "default": true
            }
          ],
          "store_path": "/nix/store/w361b9j0rd1mkh3jbfvw0wcl39bxzlnv-gitleaks-8.18.4"
        },
        "x86_64-darwin": {
          "outputs": [
            {
              "name": "out",
              "path": "/nix/store/r1p5ly8bgan9hd0bsf7lm4l8afzxq39i-gitleaks-8.18.4",
              "default": true
            }
          ],
          "store_path": "/nix/store/r1p5ly8bgan9hd0bsf7lm4l8afzxq39i-gitleaks-8.18.4"
        },
        "x86_64-linux": {
          "outputs": [
            {
              "name": "out",
              "path": "/nix/store/m4w9l2mkc18j07j55fnda2rq94zs5zzy-gitleaks-8.18.4",
              "default": true
            }
          ],
          "store_path": "/nix/store/m4w9l2mkc18j07j55fnda2rq94zs5zzy-gitleaks-8.18.4"
        }
      }
    },
    "go-task@latest": {
      "last_modified": "2024-06-11T07:07:27Z",
      "resolved": "github:NixOS/nixpkgs/f7207adcc68d9cafa29e3cd252a18743ae512c6a#go-task",
      "source": "devbox-search",
      "version": "3.37.2",
      "systems": {
        "aarch64-darwin": {
          "outputs": [
            {
              "name": "out",
              "path": "/nix/store/sxx5qi67pni1188alq2a8vxnyliy4mpk-go-task-3.37.2",
              "default": true
            }
          ],
          "store_path": "/nix/store/sxx5qi67pni1188alq2a8vxnyliy4mpk-go-task-3.37.2"
        },
        "aarch64-linux": {
          "outputs": [
            {
              "name": "out",
              "path": "/nix/store/6ji3xndcf45yrsrvbv3rkp789bz6rcby-go-task-3.37.2",
              "default": true
            }
          ],
          "store_path": "/nix/store/6ji3xndcf45yrsrvbv3rkp789bz6rcby-go-task-3.37.2"
        },
        "x86_64-darwin": {
          "outputs": [
            {
              "name": "out",
              "path": "/nix/store/gf9ygvd2m7v2hv3349k6q3jgk0bfqr9z-go-task-3.37.2",
              "default": true
            }
          ],
          "store_path": "/nix/store/gf9ygvd2m7v2hv3349k6q3jgk0bfqr9z-go-task-3.37.2"
        },
        "x86_64-linux": {
          "outputs": [
            {
              "name": "out",
              "path": "/nix/store/9bswbbgd0fdbqa40yrj7f595303zbrnj-go-task-3.37.2",
              "default": true
            }
          ],
          "store_path": "/nix/store/9bswbbgd0fdbqa40yrj7f595303zbrnj-go-task-3.37.2"
        }
      }
    },
    "kind@latest": {
      "last_modified": "2024-05-29T10:04:41Z",
      "resolved": "github:NixOS/nixpkgs/ac82a513e55582291805d6f09d35b6d8b60637a1#kind",
      "source": "devbox-search",
      "version": "0.23.0",
      "systems": {
        "aarch64-darwin": {
          "outputs": [
            {
              "name": "out",
              "path": "/nix/store/lg81ng5l5c7naqww8qqlmqnixvpx8xzs-kind-0.23.0",
              "default": true
            }
          ],
          "store_path": "/nix/store/lg81ng5l5c7naqww8qqlmqnixvpx8xzs-kind-0.23.0"
        },
        "aarch64-linux": {
          "outputs": [
            {
              "name": "out",
              "path": "/nix/store/jndyfwjc9hsf1rhvh0yxqsqw0hqqs8j8-kind-0.23.0",
              "default": true
            }
          ],
          "store_path": "/nix/store/jndyfwjc9hsf1rhvh0yxqsqw0hqqs8j8-kind-0.23.0"
        },
        "x86_64-darwin": {
          "outputs": [
            {
              "name": "out",
              "path": "/nix/store/q1ymfg7wsdlmp9b11kpb3pmshrdfbyjj-kind-0.23.0",
              "default": true
            }
          ],
          "store_path": "/nix/store/q1ymfg7wsdlmp9b11kpb3pmshrdfbyjj-kind-0.23.0"
        },
        "x86_64-linux": {
          "outputs": [
            {
              "name": "out",
              "path": "/nix/store/8if8dwbvyalf0cfk0vkaysvcmkva9syh-kind-0.23.0",
              "default": true
            }
          ],
          "store_path": "/nix/store/8if8dwbvyalf0cfk0vkaysvcmkva9syh-kind-0.23.0"
        }
      }
    },
    "kubectl@latest": {
      "last_modified": "2024-06-15T05:08:39Z",
      "resolved": "github:NixOS/nixpkgs/e6cea36f83499eb4e9cd184c8a8e823296b50ad5#kubectl",
      "source": "devbox-search",
      "version": "1.30.2",
      "systems": {
        "aarch64-darwin": {
          "outputs": [
            {
              "name": "out",
              "path": "/nix/store/m0gbfz9gik98yzhgcd6xidciy6cx97db-kubectl-1.30.2",
              "default": true
            },
            {
              "name": "man",
              "path": "/nix/store/rlhd3f9cp4dr9hbgla1cxrjf3xpb10nz-kubectl-1.30.2-man",
              "default": true
            },
            {
              "name": "convert",
              "path": "/nix/store/c4gfbvanvb8gvjy4aaf72b1q02k9s05x-kubectl-1.30.2-convert"
            }
          ],
          "store_path": "/nix/store/m0gbfz9gik98yzhgcd6xidciy6cx97db-kubectl-1.30.2"
        },
        "aarch64-linux": {
          "outputs": [
            {
              "name": "out",
              "path": "/nix/store/xapz2mx1cz0waydn2c4d0909gxi86x1z-kubectl-1.30.2",
              "default": true
            },
            {
              "name": "man",
              "path": "/nix/store/m9j55k3ljhzdabckfvfna8wcxjqh3bj7-kubectl-1.30.2-man",
              "default": true
            },
            {
              "name": "convert",
              "path": "/nix/store/nwdry7pfxjddsfajj3hp0lz32vj1yc07-kubectl-1.30.2-convert"
            }
          ],
          "store_path": "/nix/store/xapz2mx1cz0waydn2c4d0909gxi86x1z-kubectl-1.30.2"
        },
        "x86_64-darwin": {
          "outputs": [
            {
              "name": "out",
              "path": "/nix/store/xz4glrff9rjyai98zkzf4x1r854f5p18-kubectl-1.30.2",
              "default": true
            },
            {
              "name": "man",
              "path": "/nix/store/icza9d5c34sjhai6h5z42rxz5yc206dz-kubectl-1.30.2-man",
              "default": true
            },
            {
              "name": "convert",
              "path": "/nix/store/70qir3fkkpq4zkymzw3r8nf6x3x2zbf7-kubectl-1.30.2-convert"
            }
          ],
          "store_path": "/nix/store/xz4glrff9rjyai98zkzf4x1r854f5p18-kubectl-1.30.2"
        },
        "x86_64-linux": {
          "outputs": [
            {
              "name": "out",
              "path": "/nix/store/a9ap9aay0smjsgrs2wlza4375zg28ci5-kubectl-1.30.2",
              "default": true
            },
            {
              "name": "man",
              "path": "/nix/store/hx19q9wnhnwlqj5995qj42b1m4dv7qz7-kubectl-1.30.2-man",
              "default": true
            },
            {
              "name": "convert",
              "path": "/nix/store/9ms9azzhws45fzbjks1m888i50x1hgl0-kubectl-1.30.2-convert"
            }
          ],
          "store_path": "/nix/store/a9ap9aay0smjsgrs2wlza4375zg28ci5-kubectl-1.30.2"
        }
      }
    },
    "pre-commit@latest": {
      "last_modified": "2024-06-18T20:33:49Z",
      "resolved": "github:NixOS/nixpkgs/37a45fb6993f14555f50b18fbcf4945b82a35707#pre-commit",
      "source": "devbox-search",
      "version": "3.7.1",
      "systems": {
        "aarch64-darwin": {
          "outputs": [
            {
              "name": "out",
              "path": "/nix/store/ia6xvn1ijc45lvxa7k34dnd9nibb6mv6-pre-commit-3.7.1",
              "default": true
            },
            {
              "name": "dist",
              "path": "/nix/store/2y1n6mv8fn13radpsp1laka8fc6r4phc-pre-commit-3.7.1-dist"
            }
          ],
          "store_path": "/nix/store/ia6xvn1ijc45lvxa7k34dnd9nibb6mv6-pre-commit-3.7.1"
        },
        "aarch64-linux": {
          "outputs": [
            {
              "name": "out",
              "path": "/nix/store/0cg8s691j6x77msgyy1xyg4dhh2rn561-pre-commit-3.7.1",
              "default": true
            },
            {
              "name": "dist",
              "path": "/nix/store/k3gp4fb5gwkg5cq4092xdlrasiw4qxz3-pre-commit-3.7.1-dist"
            }
          ],
          "store_path": "/nix/store/0cg8s691j6x77msgyy1xyg4dhh2rn561-pre-commit-3.7.1"
        },
        "x86_64-darwin": {
          "outputs": [
            {
              "name": "out",
              "path": "/nix/store/s9szv413173bj0ah2fwks62dvi513508-pre-commit-3.7.1",
              "default": true
            },
            {
              "name": "dist",
              "path": "/nix/store/k4wnivgzmwv8czjcm8ljr43691wqp96b-pre-commit-3.7.1-dist"
            }
          ],
          "store_path": "/nix/store/s9szv413173bj0ah2fwks62dvi513508-pre-commit-3.7.1"
        },
        "x86_64-linux": {
          "outputs": [
            {
              "name": "out",
              "path": "/nix/store/qp0myw5nnlja0dnv27ipgh25ykz682hx-pre-commit-3.7.1",
              "default": true
            },
            {
              "name": "dist",
              "path": "/nix/store/yrq9x0vx2ca800ivdhz24hrhz8qkqwk8-pre-commit-3.7.1-dist"
            }
          ],
          "store_path": "/nix/store/qp0myw5nnlja0dnv27ipgh25ykz682hx-pre-commit-3.7.1"
        }
      }
    },
    "yamllint@latest": {
      "last_modified": "2024-06-12T20:55:33Z",
      "resolved": "github:NixOS/nixpkgs/a9858885e197f984d92d7fe64e9fff6b2e488d40#yamllint",
      "source": "devbox-search",
      "version": "1.35.1",
      "systems": {
        "aarch64-darwin": {
          "outputs": [
            {
              "name": "out",
              "path": "/nix/store/fc6v8cjkc0ha88azdf3gvhr44adb9llv-python3.11-yamllint-1.35.1",
              "default": true
            },
            {
              "name": "dist",
              "path": "/nix/store/fgkqkbqwsl851s4bj15ldpwmx0lc3jf5-python3.11-yamllint-1.35.1-dist"
            }
          ],
          "store_path": "/nix/store/fc6v8cjkc0ha88azdf3gvhr44adb9llv-python3.11-yamllint-1.35.1"
        },
        "aarch64-linux": {
          "outputs": [
            {
              "name": "out",
              "path": "/nix/store/cm669pmrwfhs8k35b33gr34jwfpws6ak-python3.11-yamllint-1.35.1",
              "default": true
            },
            {
              "name": "dist",
              "path": "/nix/store/xlxbv7yjfg8sp8glq07y00b5jwqh5z8w-python3.11-yamllint-1.35.1-dist"
            }
          ],
          "store_path": "/nix/store/cm669pmrwfhs8k35b33gr34jwfpws6ak-python3.11-yamllint-1.35.1"
        },
        "x86_64-darwin": {
          "outputs": [
            {
              "name": "out",
              "path": "/nix/store/lh8dkq9fsjab7sx7yagkjwmkhipp1x4g-python3.11-yamllint-1.35.1",
              "default": true
            },
            {
              "name": "dist",
              "path": "/nix/store/3f6lnzc2s74vllbx1qha8krkpwl0s5bg-python3.11-yamllint-1.35.1-dist"
            }
          ],
          "store_path": "/nix/store/lh8dkq9fsjab7sx7yagkjwmkhipp1x4g-python3.11-yamllint-1.35.1"
        },
        "x86_64-linux": {
          "outputs": [
            {
              "name": "out",
              "path": "/nix/store/07wi29y1i0z8z21f81x630awwj03bipl-python3.11-yamllint-1.35.1",
              "default": true
            },
            {
              "name": "dist",
              "path": "/nix/store/6k360dzdbkv6z73k6z0rr6pjqy5nzsnw-python3.11-yamllint-1.35.1-dist"
            }
          ],
          "store_path": "/nix/store/07wi29y1i0z8z21f81x630awwj03bipl-python3.11-yamllint-1.35.1"
        }
      }
    }
  }
}
